
Microsoft Visual Studio Solution File, Format Version 12.00
# Visual Studio Version 17
VisualStudioVersion = 17.13.35913.81 d17.13
MinimumVisualStudioVersion = 10.0.40219.1
Project("{FAE04EC0-301F-11D3-BF4B-00C04F79EFBC}") = "StudentFormApp", "StudentFormApp\StudentFormApp.csproj", "{FA85C572-FBAC-488C-9585-ACD221971820}"
EndProject
Global
	GlobalSection(SolutionConfigurationPlatforms) = preSolution
		Debug|Any CPU = Debug|Any CPU
		Release|Any CPU = Release|Any CPU
	EndGlobalSection
	GlobalSection(ProjectConfigurationPlatforms) = postSolution
		{FA85C572-FBAC-488C-9585-ACD221971820}.Debug|Any CPU.ActiveCfg = Debug|Any CPU
		{FA85C572-FBAC-488C-9585-ACD221971820}.Debug|Any CPU.Build.0 = Debug|Any CPU
		{FA85C572-FBAC-488C-9585-ACD221971820}.Release|Any CPU.ActiveCfg = Release|Any CPU
		{FA85C572-FBAC-488C-9585-ACD221971820}.Release|Any CPU.Build.0 = Release|Any CPU
	EndGlobalSection
	GlobalSection(SolutionProperties) = preSolution
		HideSolutionNode = FALSE
	EndGlobalSection
	GlobalSection(ExtensibilityGlobals) = postSolution
		SolutionGuid = {5862001A-3A4E-4E36-AC4B-9E186FD8A768}
	EndGlobalSection
EndGlobal
